
Microsoft Visual Studio Solution File, Format Version 12.00
# Visual Studio Version 17
VisualStudioVersion = 17.8.34309.116
MinimumVisualStudioVersion = 10.0.40219.1
Project("{FAE04EC0-301F-11D3-BF4B-00C04F79EFBC}") = "Day 01", "Day 01\Day 01.csproj", "{0F1E893B-813F-4D78-BD1E-880BB58F202B}"
EndProject
Project("{FAE04EC0-301F-11D3-BF4B-00C04F79EFBC}") = "Day 02", "Day 02\Day 02.csproj", "{1073A15B-361C-4489-9B56-0DFA755A6605}"
EndProject
Project("{FAE04EC0-301F-11D3-BF4B-00C04F79EFBC}") = "Day 03", "Day 03\Day 03.csproj", "{34087E40-452C-4891-ACDD-354BE02BB235}"
EndProject
Project("{FAE04EC0-301F-11D3-BF4B-00C04F79EFBC}") = "Day 04", "Day 04\Day 04.csproj", "{128D6051-9DC2-4CC5-BAFB-CB74148342AC}"
EndProject
Project("{FAE04EC0-301F-11D3-BF4B-00C04F79EFBC}") = "Day 05", "Day 05\Day 05.csproj", "{18683AFE-8487-4E30-A2B9-9D613BCFC9EE}"
EndProject
Project("{FAE04EC0-301F-11D3-BF4B-00C04F79EFBC}") = "Day 06", "Day 06\Day 06.csproj", "{E6FF8142-6F3C-41F1-B52F-F77EEC8C660F}"
EndProject
Project("{FAE04EC0-301F-11D3-BF4B-00C04F79EFBC}") = "Day 07", "Day 07\Day 07.csproj", "{AA08F6C3-6891-4F5D-A434-83C6C68710D5}"
EndProject
Project("{FAE04EC0-301F-11D3-BF4B-00C04F79EFBC}") = "Day 08", "Day 08\Day 08.csproj", "{92E73CC2-1155-44B2-A2BB-B1457CFFF289}"
EndProject
Project("{FAE04EC0-301F-11D3-BF4B-00C04F79EFBC}") = "Day 09", "Day 09\Day 09.csproj", "{DE38DB20-3C71-44CD-9C0A-B51547B7AD87}"
EndProject
Project("{FAE04EC0-301F-11D3-BF4B-00C04F79EFBC}") = "Day 10", "Day 10\Day 10.csproj", "{490D71A1-92EF-41D1-B019-F07206E06913}"
EndProject
Project("{FAE04EC0-301F-11D3-BF4B-00C04F79EFBC}") = "Day 11", "Day 11\Day 11.csproj", "{D60BE71E-D7B9-4E90-B941-8D204340E793}"
EndProject
Project("{FAE04EC0-301F-11D3-BF4B-00C04F79EFBC}") = "Day 12", "Day 12\Day 12.csproj", "{B0B246B5-2FA6-4999-9A2F-BFBC7FC3E50C}"
EndProject
Project("{FAE04EC0-301F-11D3-BF4B-00C04F79EFBC}") = "Day 13", "Day 13\Day 13.csproj", "{64D49B68-2DA7-406E-8793-55C58E7F7303}"
EndProject
Project("{FAE04EC0-301F-11D3-BF4B-00C04F79EFBC}") = "Day 14", "Day 14\Day 14.csproj", "{8C5C706A-C87E-4D23-9949-FDE49EBA99E5}"
EndProject
Project("{FAE04EC0-301F-11D3-BF4B-00C04F79EFBC}") = "Day 15", "Day 15\Day 15.csproj", "{B934F3C3-949C-439B-8A22-ADAC664667E0}"
EndProject
Project("{FAE04EC0-301F-11D3-BF4B-00C04F79EFBC}") = "Day 16", "Day 16\Day 16.csproj", "{7D59950B-173B-41FD-8018-A44590AA4B22}"
EndProject
Project("{FAE04EC0-301F-11D3-BF4B-00C04F79EFBC}") = "Day 17", "Day 17\Day 17.csproj", "{D70E5C36-92A5-4DA2-BBE4-17AF12EC5D7C}"
EndProject
Project("{FAE04EC0-301F-11D3-BF4B-00C04F79EFBC}") = "Day 18", "Day 18\Day 18.csproj", "{99051CC1-FD67-45DF-AE00-616841BD1A69}"
EndProject
Project("{FAE04EC0-301F-11D3-BF4B-00C04F79EFBC}") = "Day 19", "Day 19\Day 19.csproj", "{D3FA67FA-0BE7-48C4-B3B1-611CC50E8140}"
EndProject
Project("{FAE04EC0-301F-11D3-BF4B-00C04F79EFBC}") = "Day 20", "Day 20\Day 20.csproj", "{BED22FC4-9957-4024-BA21-846C7135623D}"
EndProject
Project("{FAE04EC0-301F-11D3-BF4B-00C04F79EFBC}") = "Day 21", "Day 21\Day 21.csproj", "{EC2ACBBC-09C0-46FB-9161-15080F1B2708}"
EndProject
Project("{FAE04EC0-301F-11D3-BF4B-00C04F79EFBC}") = "Day 22", "Day 22\Day 22.csproj", "{EF2DA334-3426-4BAF-A0ED-DC4A080BAAE6}"
EndProject
Project("{FAE04EC0-301F-11D3-BF4B-00C04F79EFBC}") = "Day 23", "Day 23\Day 23.csproj", "{9938C108-E992-434D-91B3-E19148781E0F}"
EndProject
Project("{FAE04EC0-301F-11D3-BF4B-00C04F79EFBC}") = "Day 24", "Day 24\Day 24.csproj", "{F877E075-311F-4ECC-BF7F-3851D5D75469}"
EndProject
Project("{FAE04EC0-301F-11D3-BF4B-00C04F79EFBC}") = "Day 25", "Day 25\Day 25.csproj", "{8CD583B6-FDF5-4A79-A347-7F1A5DE636C2}"
EndProject
Global
	GlobalSection(SolutionConfigurationPlatforms) = preSolution
		Debug|Any CPU = Debug|Any CPU
		Release|Any CPU = Release|Any CPU
	EndGlobalSection
	GlobalSection(ProjectConfigurationPlatforms) = postSolution
		{0F1E893B-813F-4D78-BD1E-880BB58F202B}.Debug|Any CPU.ActiveCfg = Debug|Any CPU
		{0F1E893B-813F-4D78-BD1E-880BB58F202B}.Debug|Any CPU.Build.0 = Debug|Any CPU
		{0F1E893B-813F-4D78-BD1E-880BB58F202B}.Release|Any CPU.ActiveCfg = Release|Any CPU
		{0F1E893B-813F-4D78-BD1E-880BB58F202B}.Release|Any CPU.Build.0 = Release|Any CPU
		{1073A15B-361C-4489-9B56-0DFA755A6605}.Debug|Any CPU.ActiveCfg = Debug|Any CPU
		{1073A15B-361C-4489-9B56-0DFA755A6605}.Debug|Any CPU.Build.0 = Debug|Any CPU
		{1073A15B-361C-4489-9B56-0DFA755A6605}.Release|Any CPU.ActiveCfg = Release|Any CPU
		{1073A15B-361C-4489-9B56-0DFA755A6605}.Release|Any CPU.Build.0 = Release|Any CPU
		{34087E40-452C-4891-ACDD-354BE02BB235}.Debug|Any CPU.ActiveCfg = Debug|Any CPU
		{34087E40-452C-4891-ACDD-354BE02BB235}.Debug|Any CPU.Build.0 = Debug|Any CPU
		{34087E40-452C-4891-ACDD-354BE02BB235}.Release|Any CPU.ActiveCfg = Release|Any CPU
		{34087E40-452C-4891-ACDD-354BE02BB235}.Release|Any CPU.Build.0 = Release|Any CPU
		{128D6051-9DC2-4CC5-BAFB-CB74148342AC}.Debug|Any CPU.ActiveCfg = Debug|Any CPU
		{128D6051-9DC2-4CC5-BAFB-CB74148342AC}.Debug|Any CPU.Build.0 = Debug|Any CPU
		{128D6051-9DC2-4CC5-BAFB-CB74148342AC}.Release|Any CPU.ActiveCfg = Release|Any CPU
		{128D6051-9DC2-4CC5-BAFB-CB74148342AC}.Release|Any CPU.Build.0 = Release|Any CPU
		{18683AFE-8487-4E30-A2B9-9D613BCFC9EE}.Debug|Any CPU.ActiveCfg = Debug|Any CPU
		{18683AFE-8487-4E30-A2B9-9D613BCFC9EE}.Debug|Any CPU.Build.0 = Debug|Any CPU
		{18683AFE-8487-4E30-A2B9-9D613BCFC9EE}.Release|Any CPU.ActiveCfg = Release|Any CPU
		{18683AFE-8487-4E30-A2B9-9D613BCFC9EE}.Release|Any CPU.Build.0 = Release|Any CPU
		{E6FF8142-6F3C-41F1-B52F-F77EEC8C660F}.Debug|Any CPU.ActiveCfg = Debug|Any CPU
		{E6FF8142-6F3C-41F1-B52F-F77EEC8C660F}.Debug|Any CPU.Build.0 = Debug|Any CPU
		{E6FF8142-6F3C-41F1-B52F-F77EEC8C660F}.Release|Any CPU.ActiveCfg = Release|Any CPU
		{E6FF8142-6F3C-41F1-B52F-F77EEC8C660F}.Release|Any CPU.Build.0 = Release|Any CPU
		{AA08F6C3-6891-4F5D-A434-83C6C68710D5}.Debug|Any CPU.ActiveCfg = Debug|Any CPU
		{AA08F6C3-6891-4F5D-A434-83C6C68710D5}.Debug|Any CPU.Build.0 = Debug|Any CPU
		{AA08F6C3-6891-4F5D-A434-83C6C68710D5}.Release|Any CPU.ActiveCfg = Release|Any CPU
		{AA08F6C3-6891-4F5D-A434-83C6C68710D5}.Release|Any CPU.Build.0 = Release|Any CPU
		{92E73CC2-1155-44B2-A2BB-B1457CFFF289}.Debug|Any CPU.ActiveCfg = Debug|Any CPU
		{92E73CC2-1155-44B2-A2BB-B1457CFFF289}.Debug|Any CPU.Build.0 = Debug|Any CPU
		{92E73CC2-1155-44B2-A2BB-B1457CFFF289}.Release|Any CPU.ActiveCfg = Release|Any CPU
		{92E73CC2-1155-44B2-A2BB-B1457CFFF289}.Release|Any CPU.Build.0 = Release|Any CPU
		{DE38DB20-3C71-44CD-9C0A-B51547B7AD87}.Debug|Any CPU.ActiveCfg = Debug|Any CPU
		{DE38DB20-3C71-44CD-9C0A-B51547B7AD87}.Debug|Any CPU.Build.0 = Debug|Any CPU
		{DE38DB20-3C71-44CD-9C0A-B51547B7AD87}.Release|Any CPU.ActiveCfg = Release|Any CPU
		{DE38DB20-3C71-44CD-9C0A-B51547B7AD87}.Release|Any CPU.Build.0 = Release|Any CPU
		{490D71A1-92EF-41D1-B019-F07206E06913}.Debug|Any CPU.ActiveCfg = Debug|Any CPU
		{490D71A1-92EF-41D1-B019-F07206E06913}.Debug|Any CPU.Build.0 = Debug|Any CPU
		{490D71A1-92EF-41D1-B019-F07206E06913}.Release|Any CPU.ActiveCfg = Release|Any CPU
		{490D71A1-92EF-41D1-B019-F07206E06913}.Release|Any CPU.Build.0 = Release|Any CPU
		{D60BE71E-D7B9-4E90-B941-8D204340E793}.Debug|Any CPU.ActiveCfg = Debug|Any CPU
		{D60BE71E-D7B9-4E90-B941-8D204340E793}.Debug|Any CPU.Build.0 = Debug|Any CPU
		{D60BE71E-D7B9-4E90-B941-8D204340E793}.Release|Any CPU.ActiveCfg = Release|Any CPU
		{D60BE71E-D7B9-4E90-B941-8D204340E793}.Release|Any CPU.Build.0 = Release|Any CPU
		{B0B246B5-2FA6-4999-9A2F-BFBC7FC3E50C}.Debug|Any CPU.ActiveCfg = Debug|Any CPU
		{B0B246B5-2FA6-4999-9A2F-BFBC7FC3E50C}.Debug|Any CPU.Build.0 = Debug|Any CPU
		{B0B246B5-2FA6-4999-9A2F-BFBC7FC3E50C}.Release|Any CPU.ActiveCfg = Release|Any CPU
		{B0B246B5-2FA6-4999-9A2F-BFBC7FC3E50C}.Release|Any CPU.Build.0 = Release|Any CPU
		{64D49B68-2DA7-406E-8793-55C58E7F7303}.Debug|Any CPU.ActiveCfg = Debug|Any CPU
		{64D49B68-2DA7-406E-8793-55C58E7F7303}.Debug|Any CPU.Build.0 = Debug|Any CPU
		{64D49B68-2DA7-406E-8793-55C58E7F7303}.Release|Any CPU.ActiveCfg = Release|Any CPU
		{64D49B68-2DA7-406E-8793-55C58E7F7303}.Release|Any CPU.Build.0 = Release|Any CPU
		{8C5C706A-C87E-4D23-9949-FDE49EBA99E5}.Debug|Any CPU.ActiveCfg = Debug|Any CPU
		{8C5C706A-C87E-4D23-9949-FDE49EBA99E5}.Debug|Any CPU.Build.0 = Debug|Any CPU
		{8C5C706A-C87E-4D23-9949-FDE49EBA99E5}.Release|Any CPU.ActiveCfg = Release|Any CPU
		{8C5C706A-C87E-4D23-9949-FDE49EBA99E5}.Release|Any CPU.Build.0 = Release|Any CPU
		{B934F3C3-949C-439B-8A22-ADAC664667E0}.Debug|Any CPU.ActiveCfg = Debug|Any CPU
		{B934F3C3-949C-439B-8A22-ADAC664667E0}.Debug|Any CPU.Build.0 = Debug|Any CPU
		{B934F3C3-949C-439B-8A22-ADAC664667E0}.Release|Any CPU.ActiveCfg = Release|Any CPU
		{B934F3C3-949C-439B-8A22-ADAC664667E0}.Release|Any CPU.Build.0 = Release|Any CPU
		{7D59950B-173B-41FD-8018-A44590AA4B22}.Debug|Any CPU.ActiveCfg = Debug|Any CPU
		{7D59950B-173B-41FD-8018-A44590AA4B22}.Debug|Any CPU.Build.0 = Debug|Any CPU
		{7D59950B-173B-41FD-8018-A44590AA4B22}.Release|Any CPU.ActiveCfg = Release|Any CPU
		{7D59950B-173B-41FD-8018-A44590AA4B22}.Release|Any CPU.Build.0 = Release|Any CPU
		{D70E5C36-92A5-4DA2-BBE4-17AF12EC5D7C}.Debug|Any CPU.ActiveCfg = Debug|Any CPU
		{D70E5C36-92A5-4DA2-BBE4-17AF12EC5D7C}.Debug|Any CPU.Build.0 = Debug|Any CPU
		{D70E5C36-92A5-4DA2-BBE4-17AF12EC5D7C}.Release|Any CPU.ActiveCfg = Release|Any CPU
		{D70E5C36-92A5-4DA2-BBE4-17AF12EC5D7C}.Release|Any CPU.Build.0 = Release|Any CPU
		{99051CC1-FD67-45DF-AE00-616841BD1A69}.Debug|Any CPU.ActiveCfg = Debug|Any CPU
		{99051CC1-FD67-45DF-AE00-616841BD1A69}.Debug|Any CPU.Build.0 = Debug|Any CPU
		{99051CC1-FD67-45DF-AE00-616841BD1A69}.Release|Any CPU.ActiveCfg = Release|Any CPU
		{99051CC1-FD67-45DF-AE00-616841BD1A69}.Release|Any CPU.Build.0 = Release|Any CPU
		{D3FA67FA-0BE7-48C4-B3B1-611CC50E8140}.Debug|Any CPU.ActiveCfg = Debug|Any CPU
		{D3FA67FA-0BE7-48C4-B3B1-611CC50E8140}.Debug|Any CPU.Build.0 = Debug|Any CPU
		{D3FA67FA-0BE7-48C4-B3B1-611CC50E8140}.Release|Any CPU.ActiveCfg = Release|Any CPU
		{D3FA67FA-0BE7-48C4-B3B1-611CC50E8140}.Release|Any CPU.Build.0 = Release|Any CPU
		{BED22FC4-9957-4024-BA21-846C7135623D}.Debug|Any CPU.ActiveCfg = Debug|Any CPU
		{BED22FC4-9957-4024-BA21-846C7135623D}.Debug|Any CPU.Build.0 = Debug|Any CPU
		{BED22FC4-9957-4024-BA21-846C7135623D}.Release|Any CPU.ActiveCfg = Release|Any CPU
		{BED22FC4-9957-4024-BA21-846C7135623D}.Release|Any CPU.Build.0 = Release|Any CPU
		{EC2ACBBC-09C0-46FB-9161-15080F1B2708}.Debug|Any CPU.ActiveCfg = Debug|Any CPU
		{EC2ACBBC-09C0-46FB-9161-15080F1B2708}.Debug|Any CPU.Build.0 = Debug|Any CPU
		{EC2ACBBC-09C0-46FB-9161-15080F1B2708}.Release|Any CPU.ActiveCfg = Release|Any CPU
		{EC2ACBBC-09C0-46FB-9161-15080F1B2708}.Release|Any CPU.Build.0 = Release|Any CPU
		{EF2DA334-3426-4BAF-A0ED-DC4A080BAAE6}.Debug|Any CPU.ActiveCfg = Debug|Any CPU
		{EF2DA334-3426-4BAF-A0ED-DC4A080BAAE6}.Debug|Any CPU.Build.0 = Debug|Any CPU
		{EF2DA334-3426-4BAF-A0ED-DC4A080BAAE6}.Release|Any CPU.ActiveCfg = Release|Any CPU
		{EF2DA334-3426-4BAF-A0ED-DC4A080BAAE6}.Release|Any CPU.Build.0 = Release|Any CPU
		{9938C108-E992-434D-91B3-E19148781E0F}.Debug|Any CPU.ActiveCfg = Debug|Any CPU
		{9938C108-E992-434D-91B3-E19148781E0F}.Debug|Any CPU.Build.0 = Debug|Any CPU
		{9938C108-E992-434D-91B3-E19148781E0F}.Release|Any CPU.ActiveCfg = Release|Any CPU
		{9938C108-E992-434D-91B3-E19148781E0F}.Release|Any CPU.Build.0 = Release|Any CPU
		{F877E075-311F-4ECC-BF7F-3851D5D75469}.Debug|Any CPU.ActiveCfg = Debug|Any CPU
		{F877E075-311F-4ECC-BF7F-3851D5D75469}.Debug|Any CPU.Build.0 = Debug|Any CPU
		{F877E075-311F-4ECC-BF7F-3851D5D75469}.Release|Any CPU.ActiveCfg = Release|Any CPU
		{F877E075-311F-4ECC-BF7F-3851D5D75469}.Release|Any CPU.Build.0 = Release|Any CPU
		{8CD583B6-FDF5-4A79-A347-7F1A5DE636C2}.Debug|Any CPU.ActiveCfg = Debug|Any CPU
		{8CD583B6-FDF5-4A79-A347-7F1A5DE636C2}.Debug|Any CPU.Build.0 = Debug|Any CPU
		{8CD583B6-FDF5-4A79-A347-7F1A5DE636C2}.Release|Any CPU.ActiveCfg = Release|Any CPU
		{8CD583B6-FDF5-4A79-A347-7F1A5DE636C2}.Release|Any CPU.Build.0 = Release|Any CPU
	EndGlobalSection
	GlobalSection(SolutionProperties) = preSolution
		HideSolutionNode = FALSE
	EndGlobalSection
	GlobalSection(ExtensibilityGlobals) = postSolution
		SolutionGuid = {F88178C1-5100-4372-82F1-7D48EDDA051F}
	EndGlobalSection
EndGlobal
